// !$*UTF8*$!
{
	archiveVersion = 1;
	classes = {
	};
	objectVersion = 51;
	objects = {

/* Begin PBXBuildFile section */
		4DF5EFC58ADCB548306DF134 /* Pods_TaskLists.framework in Frameworks */ = {isa = PBXBuildFile; fileRef = ECAF1A31C0B890781140D4F4 /* Pods_TaskLists.framework */; };
		92EA233D22E4CBDC00B19959 /* AppDelegate.swift in Sources */ = {isa = PBXBuildFile; fileRef = 92EA233C22E4CBDC00B19959 /* AppDelegate.swift */; };
		92EA233F22E4CBDC00B19959 /* ToDoListViewController.swift in Sources */ = {isa = PBXBuildFile; fileRef = 92EA233E22E4CBDC00B19959 /* ToDoListViewController.swift */; };
		92EA234222E4CBDC00B19959 /* Main.storyboard in Resources */ = {isa = PBXBuildFile; fileRef = 92EA234022E4CBDC00B19959 /* Main.storyboard */; };
		92EA234422E4CBDD00B19959 /* Assets.xcassets in Resources */ = {isa = PBXBuildFile; fileRef = 92EA234322E4CBDD00B19959 /* Assets.xcassets */; };
		92EA234722E4CBDD00B19959 /* LaunchScreen.storyboard in Resources */ = {isa = PBXBuildFile; fileRef = 92EA234522E4CBDD00B19959 /* LaunchScreen.storyboard */; };
		92EA235222E4D49E00B19959 /* CategoryViewController.swift in Sources */ = {isa = PBXBuildFile; fileRef = 92EA235122E4D49E00B19959 /* CategoryViewController.swift */; };
		92EA235622E8821A00B19959 /* Item.swift in Sources */ = {isa = PBXBuildFile; fileRef = 92EA235522E8821A00B19959 /* Item.swift */; };
		92EA235822E8822300B19959 /* Category.swift in Sources */ = {isa = PBXBuildFile; fileRef = 92EA235722E8822300B19959 /* Category.swift */; };
		92EA235A22E8A22000B19959 /* SwipeTableViewController.swift in Sources */ = {isa = PBXBuildFile; fileRef = 92EA235922E8A22000B19959 /* SwipeTableViewController.swift */; };
/* End PBXBuildFile section */

/* Begin PBXFileReference section */
		26DE2AB70E3CAA1DA058970A /* Pods-TaskLists.release.xcconfig */ = {isa = PBXFileReference; includeInIndex = 1; lastKnownFileType = text.xcconfig; name = "Pods-TaskLists.release.xcconfig"; path = "Target Support Files/Pods-TaskLists/Pods-TaskLists.release.xcconfig"; sourceTree = "<group>"; };
		92EA233922E4CBDC00B19959 /* TaskLists.app */ = {isa = PBXFileReference; explicitFileType = wrapper.application; includeInIndex = 0; path = TaskLists.app; sourceTree = BUILT_PRODUCTS_DIR; };
		92EA233C22E4CBDC00B19959 /* AppDelegate.swift */ = {isa = PBXFileReference; lastKnownFileType = sourcecode.swift; path = AppDelegate.swift; sourceTree = "<group>"; };
		92EA233E22E4CBDC00B19959 /* ToDoListViewController.swift */ = {isa = PBXFileReference; lastKnownFileType = sourcecode.swift; path = ToDoListViewController.swift; sourceTree = "<group>"; };
		92EA234122E4CBDC00B19959 /* Base */ = {isa = PBXFileReference; lastKnownFileType = file.storyboard; name = Base; path = Base.lproj/Main.storyboard; sourceTree = "<group>"; };
		92EA234322E4CBDD00B19959 /* Assets.xcassets */ = {isa = PBXFileReference; lastKnownFileType = folder.assetcatalog; path = Assets.xcassets; sourceTree = "<group>"; };
		92EA234622E4CBDD00B19959 /* Base */ = {isa = PBXFileReference; lastKnownFileType = file.storyboard; name = Base; path = Base.lproj/LaunchScreen.storyboard; sourceTree = "<group>"; };
		92EA234822E4CBDD00B19959 /* Info.plist */ = {isa = PBXFileReference; lastKnownFileType = text.plist.xml; path = Info.plist; sourceTree = "<group>"; };
		92EA235122E4D49E00B19959 /* CategoryViewController.swift */ = {isa = PBXFileReference; lastKnownFileType = sourcecode.swift; path = CategoryViewController.swift; sourceTree = "<group>"; };
		92EA235522E8821A00B19959 /* Item.swift */ = {isa = PBXFileReference; lastKnownFileType = sourcecode.swift; path = Item.swift; sourceTree = "<group>"; };
		92EA235722E8822300B19959 /* Category.swift */ = {isa = PBXFileReference; lastKnownFileType = sourcecode.swift; path = Category.swift; sourceTree = "<group>"; };
		92EA235922E8A22000B19959 /* SwipeTableViewController.swift */ = {isa = PBXFileReference; lastKnownFileType = sourcecode.swift; path = SwipeTableViewController.swift; sourceTree = "<group>"; };
		AEDE8DA592A1073B6478454D /* Pods-TaskLists.debug.xcconfig */ = {isa = PBXFileReference; includeInIndex = 1; lastKnownFileType = text.xcconfig; name = "Pods-TaskLists.debug.xcconfig"; path = "Target Support Files/Pods-TaskLists/Pods-TaskLists.debug.xcconfig"; sourceTree = "<group>"; };
		ECAF1A31C0B890781140D4F4 /* Pods_TaskLists.framework */ = {isa = PBXFileReference; explicitFileType = wrapper.framework; includeInIndex = 0; path = Pods_TaskLists.framework; sourceTree = BUILT_PRODUCTS_DIR; };
/* End PBXFileReference section */

/* Begin PBXFrameworksBuildPhase section */
		92EA233622E4CBDC00B19959 /* Frameworks */ = {
			isa = PBXFrameworksBuildPhase;
			buildActionMask = 2147483647;
			files = (
				4DF5EFC58ADCB548306DF134 /* Pods_TaskLists.framework in Frameworks */,
			);
			runOnlyForDeploymentPostprocessing = 0;
		};
/* End PBXFrameworksBuildPhase section */

/* Begin PBXGroup section */
		626A53FC7E80DDDD335B55F5 /* Pods */ = {
			isa = PBXGroup;
			children = (
				AEDE8DA592A1073B6478454D /* Pods-TaskLists.debug.xcconfig */,
				26DE2AB70E3CAA1DA058970A /* Pods-TaskLists.release.xcconfig */,
			);
			path = Pods;
			sourceTree = "<group>";
		};
		92EA233022E4CBDC00B19959 = {
			isa = PBXGroup;
			children = (
				92EA233B22E4CBDC00B19959 /* TaskLists */,
				92EA233A22E4CBDC00B19959 /* Products */,
				626A53FC7E80DDDD335B55F5 /* Pods */,
				F1751B6179BB359D82EB8C46 /* Frameworks */,
			);
			sourceTree = "<group>";
		};
		92EA233A22E4CBDC00B19959 /* Products */ = {
			isa = PBXGroup;
			children = (
				92EA233922E4CBDC00B19959 /* TaskLists.app */,
			);
			name = Products;
			sourceTree = "<group>";
		};
		92EA233B22E4CBDC00B19959 /* TaskLists */ = {
			isa = PBXGroup;
			children = (
				92EA235022E4D12100B19959 /* Controllers */,
				92EA234F22E4D11B00B19959 /* Model */,
				92EA234E22E4D11400B19959 /* View */,
				92EA233C22E4CBDC00B19959 /* AppDelegate.swift */,
				92EA234322E4CBDD00B19959 /* Assets.xcassets */,
				92EA234522E4CBDD00B19959 /* LaunchScreen.storyboard */,
				92EA234822E4CBDD00B19959 /* Info.plist */,
			);
			path = TaskLists;
			sourceTree = "<group>";
		};
		92EA234E22E4D11400B19959 /* View */ = {
			isa = PBXGroup;
			children = (
				92EA234022E4CBDC00B19959 /* Main.storyboard */,
			);
			path = View;
			sourceTree = "<group>";
		};
		92EA234F22E4D11B00B19959 /* Model */ = {
			isa = PBXGroup;
			children = (
				92EA235722E8822300B19959 /* Category.swift */,
				92EA235522E8821A00B19959 /* Item.swift */,
			);
			path = Model;
			sourceTree = "<group>";
		};
		92EA235022E4D12100B19959 /* Controllers */ = {
			isa = PBXGroup;
			children = (
				92EA235122E4D49E00B19959 /* CategoryViewController.swift */,
				92EA233E22E4CBDC00B19959 /* ToDoListViewController.swift */,
				92EA235922E8A22000B19959 /* SwipeTableViewController.swift */,
			);
			path = Controllers;
			sourceTree = "<group>";
		};
		F1751B6179BB359D82EB8C46 /* Frameworks */ = {
			isa = PBXGroup;
			children = (
				ECAF1A31C0B890781140D4F4 /* Pods_TaskLists.framework */,
			);
			name = Frameworks;
			sourceTree = "<group>";
		};
/* End PBXGroup section */

/* Begin PBXNativeTarget section */
		92EA233822E4CBDC00B19959 /* TaskLists */ = {
			isa = PBXNativeTarget;
			buildConfigurationList = 92EA234B22E4CBDD00B19959 /* Build configuration list for PBXNativeTarget "TaskLists" */;
			buildPhases = (
				23AE53C3F3CAA0D8859FC8A8 /* [CP] Check Pods Manifest.lock */,
				92EA233522E4CBDC00B19959 /* Sources */,
				92EA233622E4CBDC00B19959 /* Frameworks */,
				92EA233722E4CBDC00B19959 /* Resources */,
				F0D1E3C7B7B65C48D3382821 /* [CP] Embed Pods Frameworks */,
			);
			buildRules = (
			);
			dependencies = (
			);
			name = TaskLists;
			productName = TaskLists;
			productReference = 92EA233922E4CBDC00B19959 /* TaskLists.app */;
			productType = "com.apple.product-type.application";
		};
/* End PBXNativeTarget section */

/* Begin PBXProject section */
		92EA233122E4CBDC00B19959 /* Project object */ = {
			isa = PBXProject;
			attributes = {
				LastSwiftUpdateCheck = 1020;
				LastUpgradeCheck = 1020;
				ORGANIZATIONNAME = "William Ngo";
				TargetAttributes = {
					92EA233822E4CBDC00B19959 = {
						CreatedOnToolsVersion = 10.2.1;
					};
				};
			};
			buildConfigurationList = 92EA233422E4CBDC00B19959 /* Build configuration list for PBXProject "TaskLists" */;
			compatibilityVersion = "Xcode 9.3";
			developmentRegion = en;
			hasScannedForEncodings = 0;
			knownRegions = (
				en,
				Base,
			);
			mainGroup = 92EA233022E4CBDC00B19959;
			productRefGroup = 92EA233A22E4CBDC00B19959 /* Products */;
			projectDirPath = "";
			projectRoot = "";
			targets = (
				92EA233822E4CBDC00B19959 /* TaskLists */,
			);
		};
/* End PBXProject section */

/* Begin PBXResourcesBuildPhase section */
		92EA233722E4CBDC00B19959 /* Resources */ = {
			isa = PBXResourcesBuildPhase;
			buildActionMask = 2147483647;
			files = (
				92EA234722E4CBDD00B19959 /* LaunchScreen.storyboard in Resources */,
				92EA234422E4CBDD00B19959 /* Assets.xcassets in Resources */,
				92EA234222E4CBDC00B19959 /* Main.storyboard in Resources */,
			);
			runOnlyForDeploymentPostprocessing = 0;
		};
/* End PBXResourcesBuildPhase section */

/* Begin PBXShellScriptBuildPhase section */
		23AE53C3F3CAA0D8859FC8A8 /* [CP] Check Pods Manifest.lock */ = {
			isa = PBXShellScriptBuildPhase;
			buildActionMask = 2147483647;
			files = (
			);
			inputFileListPaths = (
			);
			inputPaths = (
				"${PODS_PODFILE_DIR_PATH}/Podfile.lock",
				"${PODS_ROOT}/Manifest.lock",
			);
			name = "[CP] Check Pods Manifest.lock";
			outputFileListPaths = (
			);
			outputPaths = (
				"$(DERIVED_FILE_DIR)/Pods-TaskLists-checkManifestLockResult.txt",
			);
			runOnlyForDeploymentPostprocessing = 0;
			shellPath = /bin/sh;
			shellScript = "diff \"${PODS_PODFILE_DIR_PATH}/Podfile.lock\" \"${PODS_ROOT}/Manifest.lock\" > /dev/null\nif [ $? != 0 ] ; then\n    # print error to STDERR\n    echo \"error: The sandbox is not in sync with the Podfile.lock. Run 'pod install' or update your CocoaPods installation.\" >&2\n    exit 1\nfi\n# This output is used by Xcode 'outputs' to avoid re-running this script phase.\necho \"SUCCESS\" > \"${SCRIPT_OUTPUT_FILE_0}\"\n";
			showEnvVarsInLog = 0;
		};
		F0D1E3C7B7B65C48D3382821 /* [CP] Embed Pods Frameworks */ = {
			isa = PBXShellScriptBuildPhase;
			buildActionMask = 2147483647;
			files = (
			);
			inputFileListPaths = (
				"${PODS_ROOT}/Target Support Files/Pods-TaskLists/Pods-TaskLists-frameworks-${CONFIGURATION}-input-files.xcfilelist",
			);
			name = "[CP] Embed Pods Frameworks";
			outputFileListPaths = (
				"${PODS_ROOT}/Target Support Files/Pods-TaskLists/Pods-TaskLists-frameworks-${CONFIGURATION}-output-files.xcfilelist",
			);
			runOnlyForDeploymentPostprocessing = 0;
			shellPath = /bin/sh;
			shellScript = "\"${PODS_ROOT}/Target Support Files/Pods-TaskLists/Pods-TaskLists-frameworks.sh\"\n";
			showEnvVarsInLog = 0;
		};
/* End PBXShellScriptBuildPhase section */

/* Begin PBXSourcesBuildPhase section */
		92EA233522E4CBDC00B19959 /* Sources */ = {
			isa = PBXSourcesBuildPhase;
			buildActionMask = 2147483647;
			files = (
				92EA235622E8821A00B19959 /* Item.swift in Sources */,
				92EA233F22E4CBDC00B19959 /* ToDoListViewController.swift in Sources */,
				92EA235222E4D49E00B19959 /* CategoryViewController.swift in Sources */,
				92EA233D22E4CBDC00B19959 /* AppDelegate.swift in Sources */,
				92EA235A22E8A22000B19959 /* SwipeTableViewController.swift in Sources */,
				92EA235822E8822300B19959 /* Category.swift in Sources */,
			);
			runOnlyForDeploymentPostprocessing = 0;
		};
/* End PBXSourcesBuildPhase section */

/* Begin PBXVariantGroup section */
		92EA234022E4CBDC00B19959 /* Main.storyboard */ = {
			isa = PBXVariantGroup;
			children = (
				92EA234122E4CBDC00B19959 /* Base */,
			);
			name = Main.storyboard;
			sourceTree = "<group>";
		};
		92EA234522E4CBDD00B19959 /* LaunchScreen.storyboard */ = {
			isa = PBXVariantGroup;
			children = (
				92EA234622E4CBDD00B19959 /* Base */,
			);
			name = LaunchScreen.storyboard;
			sourceTree = "<group>";
		};
/* End PBXVariantGroup section */

/* Begin XCBuildConfiguration section */
		92EA234922E4CBDD00B19959 /* Debug */ = {
			isa = XCBuildConfiguration;
			buildSettings = {
				ALWAYS_SEARCH_USER_PATHS = NO;
				CLANG_ANALYZER_NONNULL = YES;
				CLANG_ANALYZER_NUMBER_OBJECT_CONVERSION = YES_AGGRESSIVE;
				CLANG_CXX_LANGUAGE_STANDARD = "gnu++14";
				CLANG_CXX_LIBRARY = "libc++";
				CLANG_ENABLE_MODULES = YES;
				CLANG_ENABLE_OBJC_ARC = YES;
				CLANG_ENABLE_OBJC_WEAK = YES;
				CLANG_WARN_BLOCK_CAPTURE_AUTORELEASING = YES;
				CLANG_WARN_BOOL_CONVERSION = YES;
				CLANG_WARN_COMMA = YES;
				CLANG_WARN_CONSTANT_CONVERSION = YES;
				CLANG_WARN_DEPRECATED_OBJC_IMPLEMENTATIONS = YES;
				CLANG_WARN_DIRECT_OBJC_ISA_USAGE = YES_ERROR;
				CLANG_WARN_DOCUMENTATION_COMMENTS = YES;
				CLANG_WARN_EMPTY_BODY = YES;
				CLANG_WARN_ENUM_CONVERSION = YES;
				CLANG_WARN_INFINITE_RECURSION = YES;
				CLANG_WARN_INT_CONVERSION = YES;
				CLANG_WARN_NON_LITERAL_NULL_CONVERSION = YES;
				CLANG_WARN_OBJC_IMPLICIT_RETAIN_SELF = YES;
				CLANG_WARN_OBJC_LITERAL_CONVERSION = YES;
				CLANG_WARN_OBJC_ROOT_CLASS = YES_ERROR;
				CLANG_WARN_RANGE_LOOP_ANALYSIS = YES;
				CLANG_WARN_STRICT_PROTOTYPES = YES;
				CLANG_WARN_SUSPICIOUS_MOVE = YES;
				CLANG_WARN_UNGUARDED_AVAILABILITY = YES_AGGRESSIVE;
				CLANG_WARN_UNREACHABLE_CODE = YES;
				CLANG_WARN__DUPLICATE_METHOD_MATCH = YES;
				CODE_SIGN_IDENTITY = "iPhone Developer";
				COPY_PHASE_STRIP = NO;
				DEBUG_INFORMATION_FORMAT = dwarf;
				ENABLE_STRICT_OBJC_MSGSEND = YES;
				ENABLE_TESTABILITY = YES;
				GCC_C_LANGUAGE_STANDARD = gnu11;
				GCC_DYNAMIC_NO_PIC = NO;
				GCC_NO_COMMON_BLOCKS = YES;
				GCC_OPTIMIZATION_LEVEL = 0;
				GCC_PREPROCESSOR_DEFINITIONS = (
					"DEBUG=1",
					"$(inherited)",
				);
				GCC_WARN_64_TO_32_BIT_CONVERSION = YES;
				GCC_WARN_ABOUT_RETURN_TYPE = YES_ERROR;
				GCC_WARN_UNDECLARED_SELECTOR = YES;
				GCC_WARN_UNINITIALIZED_AUTOS = YES_AGGRESSIVE;
				GCC_WARN_UNUSED_FUNCTION = YES;
				GCC_WARN_UNUSED_VARIABLE = YES;
				IPHONEOS_DEPLOYMENT_TARGET = 12.2;
				MTL_ENABLE_DEBUG_INFO = INCLUDE_SOURCE;
				MTL_FAST_MATH = YES;
				ONLY_ACTIVE_ARCH = YES;
				SDKROOT = iphoneos;
				SWIFT_ACTIVE_COMPILATION_CONDITIONS = DEBUG;
				SWIFT_OPTIMIZATION_LEVEL = "-Onone";
			};
			name = Debug;
		};
		92EA234A22E4CBDD00B19959 /* Release */ = {
			isa = XCBuildConfiguration;
			buildSettings = {
				ALWAYS_SEARCH_USER_PATHS = NO;
				CLANG_ANALYZER_NONNULL = YES;
				CLANG_ANALYZER_NUMBER_OBJECT_CONVERSION = YES_AGGRESSIVE;
				CLANG_CXX_LANGUAGE_STANDARD = "gnu++14";
				CLANG_CXX_LIBRARY = "libc++";
				CLANG_ENABLE_MODULES = YES;
				CLANG_ENABLE_OBJC_ARC = YES;
				CLANG_ENABLE_OBJC_WEAK = YES;
				CLANG_WARN_BLOCK_CAPTURE_AUTORELEASING = YES;
				CLANG_WARN_BOOL_CONVERSION = YES;
				CLANG_WARN_COMMA = YES;
				CLANG_WARN_CONSTANT_CONVERSION = YES;
				CLANG_WARN_DEPRECATED_OBJC_IMPLEMENTATIONS = YES;
				CLANG_WARN_DIRECT_OBJC_ISA_USAGE = YES_ERROR;
				CLANG_WARN_DOCUMENTATION_COMMENTS = YES;
				CLANG_WARN_EMPTY_BODY = YES;
				CLANG_WARN_ENUM_CONVERSION = YES;
				CLANG_WARN_INFINITE_RECURSION = YES;
				CLANG_WARN_INT_CONVERSION = YES;
				CLANG_WARN_NON_LITERAL_NULL_CONVERSION = YES;
				CLANG_WARN_OBJC_IMPLICIT_RETAIN_SELF = YES;
				CLANG_WARN_OBJC_LITERAL_CONVERSION = YES;
				CLANG_WARN_OBJC_ROOT_CLASS = YES_ERROR;
				CLANG_WARN_RANGE_LOOP_ANALYSIS = YES;
				CLANG_WARN_STRICT_PROTOTYPES = YES;
				CLANG_WARN_SUSPICIOUS_MOVE = YES;
				CLANG_WARN_UNGUARDED_AVAILABILITY = YES_AGGRESSIVE;
				CLANG_WARN_UNREACHABLE_CODE = YES;
				CLANG_WARN__DUPLICATE_METHOD_MATCH = YES;
				CODE_SIGN_IDENTITY = "iPhone Developer";
				COPY_PHASE_STRIP = NO;
				DEBUG_INFORMATION_FORMAT = "dwarf-with-dsym";
				ENABLE_NS_ASSERTIONS = NO;
				ENABLE_STRICT_OBJC_MSGSEND = YES;
				GCC_C_LANGUAGE_STANDARD = gnu11;
				GCC_NO_COMMON_BLOCKS = YES;
				GCC_WARN_64_TO_32_BIT_CONVERSION = YES;
				GCC_WARN_ABOUT_RETURN_TYPE = YES_ERROR;
				GCC_WARN_UNDECLARED_SELECTOR = YES;
				GCC_WARN_UNINITIALIZED_AUTOS = YES_AGGRESSIVE;
				GCC_WARN_UNUSED_FUNCTION = YES;
				GCC_WARN_UNUSED_VARIABLE = YES;
				IPHONEOS_DEPLOYMENT_TARGET = 12.2;
				MTL_ENABLE_DEBUG_INFO = NO;
				MTL_FAST_MATH = YES;
				SDKROOT = iphoneos;
				SWIFT_COMPILATION_MODE = wholemodule;
				SWIFT_OPTIMIZATION_LEVEL = "-O";
				VALIDATE_PRODUCT = YES;
			};
			name = Release;
		};
		92EA234C22E4CBDD00B19959 /* Debug */ = {
			isa = XCBuildConfiguration;
			baseConfigurationReference = AEDE8DA592A1073B6478454D /* Pods-TaskLists.debug.xcconfig */;
			buildSettings = {
				ASSETCATALOG_COMPILER_APPICON_NAME = AppIcon;
				CODE_SIGN_STYLE = Automatic;
				DEVELOPMENT_TEAM = 55GHVYG4CD;
				INFOPLIST_FILE = TaskLists/Info.plist;
				LD_RUNPATH_SEARCH_PATHS = (
					"$(inherited)",
					"@executable_path/Frameworks",
				);
				PRODUCT_BUNDLE_IDENTIFIER = com.williamngo.TaskLists;
				PRODUCT_NAME = "$(TARGET_NAME)";
				SWIFT_VERSION = 5.0;
				TARGETED_DEVICE_FAMILY = "1,2";
			};
			name = Debug;
		};
		92EA234D22E4CBDD00B19959 /* Release */ = {
			isa = XCBuildConfiguration;
			baseConfigurationReference = 26DE2AB70E3CAA1DA058970A /* Pods-TaskLists.release.xcconfig */;
			buildSettings = {
				ASSETCATALOG_COMPILER_APPICON_NAME = AppIcon;
				CODE_SIGN_STYLE = Automatic;
				DEVELOPMENT_TEAM = 55GHVYG4CD;
				INFOPLIST_FILE = TaskLists/Info.plist;
				LD_RUNPATH_SEARCH_PATHS = (
					"$(inherited)",
					"@executable_path/Frameworks",
				);
				PRODUCT_BUNDLE_IDENTIFIER = com.williamngo.TaskLists;
				PRODUCT_NAME = "$(TARGET_NAME)";
				SWIFT_VERSION = 5.0;
				TARGETED_DEVICE_FAMILY = "1,2";
			};
			name = Release;
		};
/* End XCBuildConfiguration section */

/* Begin XCConfigurationList section */
		92EA233422E4CBDC00B19959 /* Build configuration list for PBXProject "TaskLists" */ = {
			isa = XCConfigurationList;
			buildConfigurations = (
				92EA234922E4CBDD00B19959 /* Debug */,
				92EA234A22E4CBDD00B19959 /* Release */,
			);
			defaultConfigurationIsVisible = 0;
			defaultConfigurationName = Release;
		};
		92EA234B22E4CBDD00B19959 /* Build configuration list for PBXNativeTarget "TaskLists" */ = {
			isa = XCConfigurationList;
			buildConfigurations = (
				92EA234C22E4CBDD00B19959 /* Debug */,
				92EA234D22E4CBDD00B19959 /* Release */,
			);
			defaultConfigurationIsVisible = 0;
			defaultConfigurationName = Release;
		};
/* End XCConfigurationList section */
	};
	rootObject = 92EA233122E4CBDC00B19959 /* Project object */;
}
